[[package]]
name = "aiohttp"
version = "3.7.4.post0"
requires_python = ">=3.6"
summary = "Async http client/server framework (asyncio)"
dependencies = [
    "async-timeout<4.0,>=3.0",
    "attrs>=17.3.0",
    "chardet<5.0,>=2.0",
    "multidict<7.0,>=4.5",
    "typing-extensions>=3.6.5",
    "yarl<2.0,>=1.0",
]

[[package]]
name = "aiohttp-devtools"
version = "0.13.1"
requires_python = ">=3.5"
summary = "Dev tools for aiohttp"
dependencies = [
    "Pygments>=2.2.0",
    "aiohttp>=3.5.0",
    "click>=6.6",
    "devtools>=0.5",
    "watchgod>=0.2",
]

[[package]]
name = "aiohttp-middlewares"
version = "1.1.0"
requires_python = ">=3.6,<4.0"
summary = "Collection of useful middlewares for aiohttp applications."
dependencies = [
    "aiohttp<4.0,>=3.5",
    "async-timeout<4,>=1.2",
]

[[package]]
name = "aiohttp-session"
version = "2.9.0"
requires_python = ">=3.5"
summary = "sessions for aiohttp.web"
dependencies = [
    "aiohttp>=3.0.1",
]

[[package]]
name = "async-timeout"
version = "3.0.1"
requires_python = ">=3.5.3"
summary = "Timeout context manager for asyncio programs"

[[package]]
name = "atomicwrites"
version = "1.4.0"
requires_python = ">=2.7,!=3.0.*,!=3.1.*,!=3.2.*,!=3.3.*"
summary = "Atomic file writes."

[[package]]
name = "attrs"
version = "21.2.0"
requires_python = ">=2.7,!=3.0.*,!=3.1.*,!=3.2.*,!=3.3.*,!=3.4.*"
summary = "Classes Without Boilerplate"

[[package]]
name = "cffi"
version = "1.14.6"
summary = "Foreign Function Interface for Python calling C code."
dependencies = [
    "pycparser",
]

[[package]]
name = "chardet"
version = "3.0.4"
summary = "Universal encoding detector for Python 2 and 3"

[[package]]
name = "click"
version = "8.0.1"
requires_python = ">=3.6"
summary = "Composable command line interface toolkit"
dependencies = [
    "colorama; platform_system == \"Windows\"",
]

[[package]]
name = "colorama"
version = "0.4.4"
requires_python = ">=2.7,!=3.0.*,!=3.1.*,!=3.2.*,!=3.3.*,!=3.4.*"
summary = "Cross-platform colored terminal text."

[[package]]
name = "cryptography"
version = "3.4.7"
requires_python = ">=3.6"
summary = "cryptography is a package which provides cryptographic recipes and primitives to Python developers."
dependencies = [
    "cffi>=1.12",
]

[[package]]
name = "devtools"
version = "0.6.1"
requires_python = ">=3.6"
summary = "Python's missing debug print command and other development tools."

[[package]]
name = "idna"
version = "3.2"
requires_python = ">=3.5"
summary = "Internationalized Domain Names in Applications (IDNA)"

[[package]]
name = "iniconfig"
version = "1.1.1"
summary = "iniconfig: brain-dead simple config-ini parsing"

[[package]]
name = "Levenshtein"
version = "0.12.0"
summary = "Python extension for computing string edit distances and similarities."
dependencies = [
    "setuptools",
]

[[package]]
name = "multidict"
version = "4.7.6"
requires_python = ">=3.5"
summary = "multidict implementation"

[[package]]
name = "packaging"
version = "21.0"
requires_python = ">=3.6"
summary = "Core utilities for Python packages"
dependencies = [
    "pyparsing>=2.0.2",
]

[[package]]
name = "pluggy"
version = "0.13.1"
requires_python = ">=2.7,!=3.0.*,!=3.1.*,!=3.2.*,!=3.3.*"
summary = "plugin and hook calling mechanisms for python"

[[package]]
name = "py"
version = "1.10.0"
requires_python = ">=2.7,!=3.0.*,!=3.1.*,!=3.2.*,!=3.3.*"
summary = "library with cross-python path, ini-parsing, io, code, log facilities"

[[package]]
name = "pycparser"
version = "2.20"
requires_python = ">=2.7,!=3.0.*,!=3.1.*,!=3.2.*,!=3.3.*"
summary = "C parser in Python"

[[package]]
name = "Pygments"
version = "2.9.0"
requires_python = ">=3.5"
summary = "Pygments is a syntax highlighting package written in Python."

[[package]]
name = "pyparsing"
version = "2.4.7"
requires_python = ">=2.6,!=3.0.*,!=3.1.*,!=3.2.*"
summary = "Python parsing module"

[[package]]
name = "pytest"
version = "6.2.4"
requires_python = ">=3.6"
summary = "pytest: simple powerful testing with Python"
dependencies = [
    "atomicwrites>=1.0; sys_platform == \"win32\"",
    "attrs>=19.2.0",
    "colorama; sys_platform == \"win32\"",
    "iniconfig",
    "packaging",
    "pluggy<1.0.0a1,>=0.12",
    "py>=1.8.2",
    "toml",
]

[[package]]
name = "pytest-asyncio"
version = "0.15.1"
requires_python = ">=3.6"
summary = "Pytest support for asyncio."
dependencies = [
    "pytest>=5.4.0",
]

[[package]]
name = "pytest-mock"
version = "3.6.1"
requires_python = ">=3.6"
summary = "Thin-wrapper around the mock package for easier use with pytest"
dependencies = [
    "pytest>=5.0",
]

[[package]]
name = "setuptools"
version = "57.4.0"
requires_python = ">=3.6"
summary = "Easily download, build, install, upgrade, and uninstall Python packages"

[[package]]
name = "toml"
version = "0.10.2"
requires_python = ">=2.6,!=3.0.*,!=3.1.*,!=3.2.*"
summary = "Python Library for Tom's Obvious, Minimal Language"

[[package]]
name = "typing-extensions"
version = "3.10.0.0"
summary = "Backported and Experimental Type Hints for Python 3.5+"

[[package]]
name = "watchgod"
version = "0.7"
requires_python = ">=3.5"
summary = "Simple, modern file watching and code reload in python."

[[package]]
name = "yarl"
version = "1.6.3"
requires_python = ">=3.6"
summary = "Yet another URL library"
dependencies = [
    "idna>=2.0",
    "multidict>=4.0",
]

[metadata]
lock_version = "3"
content_hash = "sha256:26b10ec51333c0a60eea5a39f6d925143d5c63d144e0c2eeea798c7e3e8ac94c"

[metadata.files]
"aiohttp 3.7.4.post0" = [
    {file = "aiohttp-3.7.4.post0-cp36-cp36m-macosx_10_14_x86_64.whl", hash = "sha256:3cf75f7cdc2397ed4442594b935a11ed5569961333d49b7539ea741be2cc79d5"},
    {file = "aiohttp-3.7.4.post0-cp36-cp36m-manylinux1_i686.whl", hash = "sha256:4b302b45040890cea949ad092479e01ba25911a15e648429c7c5aae9650c67a8"},
    {file = "aiohttp-3.7.4.post0-cp36-cp36m-manylinux2014_aarch64.whl", hash = "sha256:fe60131d21b31fd1a14bd43e6bb88256f69dfc3188b3a89d736d6c71ed43ec95"},
    {file = "aiohttp-3.7.4.post0-cp36-cp36m-manylinux2014_i686.whl", hash = "sha256:393f389841e8f2dfc86f774ad22f00923fdee66d238af89b70ea314c4aefd290"},
    {file = "aiohttp-3.7.4.post0-cp36-cp36m-manylinux2014_ppc64le.whl", hash = "sha256:c6e9dcb4cb338d91a73f178d866d051efe7c62a7166653a91e7d9fb18274058f"},
    {file = "aiohttp-3.7.4.post0-cp36-cp36m-manylinux2014_s390x.whl", hash = "sha256:5df68496d19f849921f05f14f31bd6ef53ad4b00245da3195048c69934521809"},
    {file = "aiohttp-3.7.4.post0-cp36-cp36m-manylinux2014_x86_64.whl", hash = "sha256:0563c1b3826945eecd62186f3f5c7d31abb7391fedc893b7e2b26303b5a9f3fe"},
    {file = "aiohttp-3.7.4.post0-cp36-cp36m-win32.whl", hash = "sha256:3d78619672183be860b96ed96f533046ec97ca067fd46ac1f6a09cd9b7484287"},
    {file = "aiohttp-3.7.4.post0-cp36-cp36m-win_amd64.whl", hash = "sha256:f705e12750171c0ab4ef2a3c76b9a4024a62c4103e3a55dd6f99265b9bc6fcfc"},
    {file = "aiohttp-3.7.4.post0-cp37-cp37m-macosx_10_14_x86_64.whl", hash = "sha256:230a8f7e24298dea47659251abc0fd8b3c4e38a664c59d4b89cca7f6c09c9e87"},
    {file = "aiohttp-3.7.4.post0-cp37-cp37m-manylinux1_i686.whl", hash = "sha256:2e19413bf84934d651344783c9f5e22dee452e251cfd220ebadbed2d9931dbf0"},
    {file = "aiohttp-3.7.4.post0-cp37-cp37m-manylinux2014_aarch64.whl", hash = "sha256:e4b2b334e68b18ac9817d828ba44d8fcb391f6acb398bcc5062b14b2cbeac970"},
    {file = "aiohttp-3.7.4.post0-cp37-cp37m-manylinux2014_i686.whl", hash = "sha256:d012ad7911653a906425d8473a1465caa9f8dea7fcf07b6d870397b774ea7c0f"},
    {file = "aiohttp-3.7.4.post0-cp37-cp37m-manylinux2014_ppc64le.whl", hash = "sha256:40eced07f07a9e60e825554a31f923e8d3997cfc7fb31dbc1328c70826e04cde"},
    {file = "aiohttp-3.7.4.post0-cp37-cp37m-manylinux2014_s390x.whl", hash = "sha256:209b4a8ee987eccc91e2bd3ac36adee0e53a5970b8ac52c273f7f8fd4872c94c"},
    {file = "aiohttp-3.7.4.post0-cp37-cp37m-manylinux2014_x86_64.whl", hash = "sha256:14762875b22d0055f05d12abc7f7d61d5fd4fe4642ce1a249abdf8c700bf1fd8"},
    {file = "aiohttp-3.7.4.post0-cp37-cp37m-win32.whl", hash = "sha256:7615dab56bb07bff74bc865307aeb89a8bfd9941d2ef9d817b9436da3a0ea54f"},
    {file = "aiohttp-3.7.4.post0-cp37-cp37m-win_amd64.whl", hash = "sha256:d9e13b33afd39ddeb377eff2c1c4f00544e191e1d1dee5b6c51ddee8ea6f0cf5"},
    {file = "aiohttp-3.7.4.post0-cp38-cp38-macosx_10_14_x86_64.whl", hash = "sha256:547da6cacac20666422d4882cfcd51298d45f7ccb60a04ec27424d2f36ba3eaf"},
    {file = "aiohttp-3.7.4.post0-cp38-cp38-manylinux1_i686.whl", hash = "sha256:af9aa9ef5ba1fd5b8c948bb11f44891968ab30356d65fd0cc6707d989cd521df"},
    {file = "aiohttp-3.7.4.post0-cp38-cp38-manylinux2014_aarch64.whl", hash = "sha256:64322071e046020e8797117b3658b9c2f80e3267daec409b350b6a7a05041213"},
    {file = "aiohttp-3.7.4.post0-cp38-cp38-manylinux2014_i686.whl", hash = "sha256:bb437315738aa441251214dad17428cafda9cdc9729499f1d6001748e1d432f4"},
    {file = "aiohttp-3.7.4.post0-cp38-cp38-manylinux2014_ppc64le.whl", hash = "sha256:e54962802d4b8b18b6207d4a927032826af39395a3bd9196a5af43fc4e60b009"},
    {file = "aiohttp-3.7.4.post0-cp38-cp38-manylinux2014_s390x.whl", hash = "sha256:a00bb73540af068ca7390e636c01cbc4f644961896fa9363154ff43fd37af2f5"},
    {file = "aiohttp-3.7.4.post0-cp38-cp38-manylinux2014_x86_64.whl", hash = "sha256:79ebfc238612123a713a457d92afb4096e2148be17df6c50fb9bf7a81c2f8013"},
    {file = "aiohttp-3.7.4.post0-cp38-cp38-win32.whl", hash = "sha256:515dfef7f869a0feb2afee66b957cc7bbe9ad0cdee45aec7fdc623f4ecd4fb16"},
    {file = "aiohttp-3.7.4.post0-cp38-cp38-win_amd64.whl", hash = "sha256:114b281e4d68302a324dd33abb04778e8557d88947875cbf4e842c2c01a030c5"},
    {file = "aiohttp-3.7.4.post0-cp39-cp39-macosx_10_14_x86_64.whl", hash = "sha256:7b18b97cf8ee5452fa5f4e3af95d01d84d86d32c5e2bfa260cf041749d66360b"},
    {file = "aiohttp-3.7.4.post0-cp39-cp39-manylinux1_i686.whl", hash = "sha256:15492a6368d985b76a2a5fdd2166cddfea5d24e69eefed4630cbaae5c81d89bd"},
    {file = "aiohttp-3.7.4.post0-cp39-cp39-manylinux2014_aarch64.whl", hash = "sha256:bdb230b4943891321e06fc7def63c7aace16095be7d9cf3b1e01be2f10fba439"},
    {file = "aiohttp-3.7.4.post0-cp39-cp39-manylinux2014_i686.whl", hash = "sha256:cffe3ab27871bc3ea47df5d8f7013945712c46a3cc5a95b6bee15887f1675c22"},
    {file = "aiohttp-3.7.4.post0-cp39-cp39-manylinux2014_ppc64le.whl", hash = "sha256:f881853d2643a29e643609da57b96d5f9c9b93f62429dcc1cbb413c7d07f0e1a"},
    {file = "aiohttp-3.7.4.post0-cp39-cp39-manylinux2014_s390x.whl", hash = "sha256:a5ca29ee66f8343ed336816c553e82d6cade48a3ad702b9ffa6125d187e2dedb"},
    {file = "aiohttp-3.7.4.post0-cp39-cp39-manylinux2014_x86_64.whl", hash = "sha256:17c073de315745a1510393a96e680d20af8e67e324f70b42accbd4cb3315c9fb"},
    {file = "aiohttp-3.7.4.post0-cp39-cp39-win32.whl", hash = "sha256:932bb1ea39a54e9ea27fc9232163059a0b8855256f4052e776357ad9add6f1c9"},
    {file = "aiohttp-3.7.4.post0-cp39-cp39-win_amd64.whl", hash = "sha256:02f46fc0e3c5ac58b80d4d56eb0a7c7d97fcef69ace9326289fb9f1955e65cfe"},
    {file = "aiohttp-3.7.4.post0.tar.gz", hash = "sha256:493d3299ebe5f5a7c66b9819eacdcfbbaaf1a8e84911ddffcdc48888497afecf"},
]
"aiohttp-devtools 0.13.1" = [
    {file = "aiohttp_devtools-0.13.1-py35.py36.py37-none-any.whl", hash = "sha256:70dbab32e2234296ddc995cacc06acf6b7ee2cf2ac1be62d4e12e0d333e63f00"},
    {file = "aiohttp-devtools-0.13.1.tar.gz", hash = "sha256:da9490c56671ed3920ceb98fc558065dec573c771ca17d500467b245b63f0f9d"},
]
"aiohttp-middlewares 1.1.0" = [
    {file = "aiohttp_middlewares-1.1.0-py3-none-any.whl", hash = "sha256:47080da0eaa8dee0f3d26ce781959b077b79dd063f45308f5e93fd4134f1c683"},
    {file = "aiohttp-middlewares-1.1.0.tar.gz", hash = "sha256:4a58c090ea50f44ae49a8ce1dc79f7366b8b6223f179f499bc97f399751efeed"},
]
"aiohttp-session 2.9.0" = [
    {file = "aiohttp_session-2.9.0-py3-none-any.whl", hash = "sha256:74853d1177541cccfefb436409f9ea5d67a62f84e13946a3e115a765d9a0349c"},
    {file = "aiohttp-session-2.9.0.tar.gz", hash = "sha256:959413468b84e30e7ca09719617cfb0000066a2e0f6c20062d043433e82aeb74"},
]
"async-timeout 3.0.1" = [
    {file = "async_timeout-3.0.1-py3-none-any.whl", hash = "sha256:4291ca197d287d274d0b6cb5d6f8f8f82d434ed288f962539ff18cc9012f9ea3"},
    {file = "async-timeout-3.0.1.tar.gz", hash = "sha256:0c3c816a028d47f659d6ff5c745cb2acf1f966da1fe5c19c77a70282b25f4c5f"},
]
"atomicwrites 1.4.0" = [
    {file = "atomicwrites-1.4.0-py2.py3-none-any.whl", hash = "sha256:6d1784dea7c0c8d4a5172b6c620f40b6e4cbfdf96d783691f2e1302a7b88e197"},
    {file = "atomicwrites-1.4.0.tar.gz", hash = "sha256:ae70396ad1a434f9c7046fd2dd196fc04b12f9e91ffb859164193be8b6168a7a"},
]
"attrs 21.2.0" = [
    {file = "attrs-21.2.0-py2.py3-none-any.whl", hash = "sha256:149e90d6d8ac20db7a955ad60cf0e6881a3f20d37096140088356da6c716b0b1"},
    {file = "attrs-21.2.0.tar.gz", hash = "sha256:ef6aaac3ca6cd92904cdd0d83f629a15f18053ec84e6432106f7a4d04ae4f5fb"},
]
"cffi 1.14.6" = [
    {file = "cffi-1.14.6-cp27-cp27m-macosx_10_9_x86_64.whl", hash = "sha256:22b9c3c320171c108e903d61a3723b51e37aaa8c81255b5e7ce102775bd01e2c"},
    {file = "cffi-1.14.6-cp27-cp27m-manylinux1_i686.whl", hash = "sha256:f0c5d1acbfca6ebdd6b1e3eded8d261affb6ddcf2186205518f1428b8569bb99"},
    {file = "cffi-1.14.6-cp27-cp27m-manylinux1_x86_64.whl", hash = "sha256:99f27fefe34c37ba9875f224a8f36e31d744d8083e00f520f133cab79ad5e819"},
    {file = "cffi-1.14.6-cp27-cp27m-win32.whl", hash = "sha256:55af55e32ae468e9946f741a5d51f9896da6b9bf0bbdd326843fec05c730eb20"},
    {file = "cffi-1.14.6-cp27-cp27m-win_amd64.whl", hash = "sha256:7bcac9a2b4fdbed2c16fa5681356d7121ecabf041f18d97ed5b8e0dd38a80224"},
    {file = "cffi-1.14.6-cp27-cp27mu-manylinux1_i686.whl", hash = "sha256:ed38b924ce794e505647f7c331b22a693bee1538fdf46b0222c4717b42f744e7"},
    {file = "cffi-1.14.6-cp27-cp27mu-manylinux1_x86_64.whl", hash = "sha256:e22dcb48709fc51a7b58a927391b23ab37eb3737a98ac4338e2448bef8559b33"},
    {file = "cffi-1.14.6-cp35-cp35m-macosx_10_9_x86_64.whl", hash = "sha256:aedb15f0a5a5949ecb129a82b72b19df97bbbca024081ed2ef88bd5c0a610534"},
    {file = "cffi-1.14.6-cp35-cp35m-manylinux1_i686.whl", hash = "sha256:48916e459c54c4a70e52745639f1db524542140433599e13911b2f329834276a"},
    {file = "cffi-1.14.6-cp35-cp35m-manylinux1_x86_64.whl", hash = "sha256:f627688813d0a4140153ff532537fbe4afea5a3dffce1f9deb7f91f848a832b5"},
    {file = "cffi-1.14.6-cp35-cp35m-win32.whl", hash = "sha256:f0010c6f9d1a4011e429109fda55a225921e3206e7f62a0c22a35344bfd13cca"},
    {file = "cffi-1.14.6-cp35-cp35m-win_amd64.whl", hash = "sha256:57e555a9feb4a8460415f1aac331a2dc833b1115284f7ded7278b54afc5bd218"},
    {file = "cffi-1.14.6-cp36-cp36m-macosx_10_9_x86_64.whl", hash = "sha256:e8c6a99be100371dbb046880e7a282152aa5d6127ae01783e37662ef73850d8f"},
    {file = "cffi-1.14.6-cp36-cp36m-manylinux1_i686.whl", hash = "sha256:19ca0dbdeda3b2615421d54bef8985f72af6e0c47082a8d26122adac81a95872"},
    {file = "cffi-1.14.6-cp36-cp36m-manylinux1_x86_64.whl", hash = "sha256:d950695ae4381ecd856bcaf2b1e866720e4ab9a1498cba61c602e56630ca7195"},
    {file = "cffi-1.14.6-cp36-cp36m-manylinux_2_17_aarch64.manylinux2014_aarch64.whl", hash = "sha256:e9dc245e3ac69c92ee4c167fbdd7428ec1956d4e754223124991ef29eb57a09d"},
    {file = "cffi-1.14.6-cp36-cp36m-manylinux_2_17_ppc64le.manylinux2014_ppc64le.whl", hash = "sha256:a8661b2ce9694ca01c529bfa204dbb144b275a31685a075ce123f12331be790b"},
    {file = "cffi-1.14.6-cp36-cp36m-manylinux_2_17_s390x.manylinux2014_s390x.whl", hash = "sha256:b315d709717a99f4b27b59b021e6207c64620790ca3e0bde636a6c7f14618abb"},
    {file = "cffi-1.14.6-cp36-cp36m-win32.whl", hash = "sha256:80b06212075346b5546b0417b9f2bf467fea3bfe7352f781ffc05a8ab24ba14a"},
    {file = "cffi-1.14.6-cp36-cp36m-win_amd64.whl", hash = "sha256:a9da7010cec5a12193d1af9872a00888f396aba3dc79186604a09ea3ee7c029e"},
    {file = "cffi-1.14.6-cp37-cp37m-macosx_10_9_x86_64.whl", hash = "sha256:4373612d59c404baeb7cbd788a18b2b2a8331abcc84c3ba40051fcd18b17a4d5"},
    {file = "cffi-1.14.6-cp37-cp37m-manylinux1_i686.whl", hash = "sha256:f10afb1004f102c7868ebfe91c28f4a712227fe4cb24974350ace1f90e1febbf"},
    {file = "cffi-1.14.6-cp37-cp37m-manylinux1_x86_64.whl", hash = "sha256:fd4305f86f53dfd8cd3522269ed7fc34856a8ee3709a5e28b2836b2db9d4cd69"},
    {file = "cffi-1.14.6-cp37-cp37m-manylinux_2_17_aarch64.manylinux2014_aarch64.whl", hash = "sha256:6d6169cb3c6c2ad50db5b868db6491a790300ade1ed5d1da29289d73bbe40b56"},
    {file = "cffi-1.14.6-cp37-cp37m-manylinux_2_17_ppc64le.manylinux2014_ppc64le.whl", hash = "sha256:5d4b68e216fc65e9fe4f524c177b54964af043dde734807586cf5435af84045c"},
    {file = "cffi-1.14.6-cp37-cp37m-manylinux_2_17_s390x.manylinux2014_s390x.whl", hash = "sha256:33791e8a2dc2953f28b8d8d300dde42dd929ac28f974c4b4c6272cb2955cb762"},
    {file = "cffi-1.14.6-cp37-cp37m-win32.whl", hash = "sha256:0c0591bee64e438883b0c92a7bed78f6290d40bf02e54c5bf0978eaf36061771"},
    {file = "cffi-1.14.6-cp37-cp37m-win_amd64.whl", hash = "sha256:8eb687582ed7cd8c4bdbff3df6c0da443eb89c3c72e6e5dcdd9c81729712791a"},
    {file = "cffi-1.14.6-cp38-cp38-macosx_10_9_x86_64.whl", hash = "sha256:ba6f2b3f452e150945d58f4badd92310449876c4c954836cfb1803bdd7b422f0"},
    {file = "cffi-1.14.6-cp38-cp38-manylinux1_i686.whl", hash = "sha256:64fda793737bc4037521d4899be780534b9aea552eb673b9833b01f945904c2e"},
    {file = "cffi-1.14.6-cp38-cp38-manylinux1_x86_64.whl", hash = "sha256:9f3e33c28cd39d1b655ed1ba7247133b6f7fc16fa16887b120c0c670e35ce346"},
    {file = "cffi-1.14.6-cp38-cp38-manylinux_2_17_aarch64.manylinux2014_aarch64.whl", hash = "sha256:26bb2549b72708c833f5abe62b756176022a7b9a7f689b571e74c8478ead51dc"},
    {file = "cffi-1.14.6-cp38-cp38-manylinux_2_17_ppc64le.manylinux2014_ppc64le.whl", hash = "sha256:eb687a11f0a7a1839719edd80f41e459cc5366857ecbed383ff376c4e3cc6afd"},
    {file = "cffi-1.14.6-cp38-cp38-manylinux_2_17_s390x.manylinux2014_s390x.whl", hash = "sha256:d2ad4d668a5c0645d281dcd17aff2be3212bc109b33814bbb15c4939f44181cc"},
    {file = "cffi-1.14.6-cp38-cp38-win32.whl", hash = "sha256:487d63e1454627c8e47dd230025780e91869cfba4c753a74fda196a1f6ad6548"},
    {file = "cffi-1.14.6-cp38-cp38-win_amd64.whl", hash = "sha256:c33d18eb6e6bc36f09d793c0dc58b0211fccc6ae5149b808da4a62660678b156"},
    {file = "cffi-1.14.6-cp39-cp39-macosx_10_9_x86_64.whl", hash = "sha256:06c54a68935738d206570b20da5ef2b6b6d92b38ef3ec45c5422c0ebaf338d4d"},
    {file = "cffi-1.14.6-cp39-cp39-manylinux1_i686.whl", hash = "sha256:f174135f5609428cc6e1b9090f9268f5c8935fddb1b25ccb8255a2d50de6789e"},
    {file = "cffi-1.14.6-cp39-cp39-manylinux1_x86_64.whl", hash = "sha256:f3ebe6e73c319340830a9b2825d32eb6d8475c1dac020b4f0aa774ee3b898d1c"},
    {file = "cffi-1.14.6-cp39-cp39-manylinux_2_17_aarch64.manylinux2014_aarch64.whl", hash = "sha256:3c8d896becff2fa653dc4438b54a5a25a971d1f4110b32bd3068db3722c80202"},
    {file = "cffi-1.14.6-cp39-cp39-manylinux_2_17_ppc64le.manylinux2014_ppc64le.whl", hash = "sha256:4922cd707b25e623b902c86188aca466d3620892db76c0bdd7b99a3d5e61d35f"},
    {file = "cffi-1.14.6-cp39-cp39-manylinux_2_17_s390x.manylinux2014_s390x.whl", hash = "sha256:c9e005e9bd57bc987764c32a1bee4364c44fdc11a3cc20a40b93b444984f2b87"},
    {file = "cffi-1.14.6-cp39-cp39-win32.whl", hash = "sha256:eb9e2a346c5238a30a746893f23a9535e700f8192a68c07c0258e7ece6ff3728"},
    {file = "cffi-1.14.6-cp39-cp39-win_amd64.whl", hash = "sha256:818014c754cd3dba7229c0f5884396264d51ffb87ec86e927ef0be140bfdb0d2"},
    {file = "cffi-1.14.6.tar.gz", hash = "sha256:c9a875ce9d7fe32887784274dd533c57909b7b1dcadcc128a2ac21331a9765dd"},
]
"chardet 3.0.4" = [
    {file = "chardet-3.0.4-py2.py3-none-any.whl", hash = "sha256:fc323ffcaeaed0e0a02bf4d117757b98aed530d9ed4531e3e15460124c106691"},
    {file = "chardet-3.0.4.tar.gz", hash = "sha256:84ab92ed1c4d4f16916e05906b6b75a6c0fb5db821cc65e70cbd64a3e2a5eaae"},
]
"click 8.0.1" = [
    {file = "click-8.0.1-py3-none-any.whl", hash = "sha256:fba402a4a47334742d782209a7c79bc448911afe1149d07bdabdf480b3e2f4b6"},
    {file = "click-8.0.1.tar.gz", hash = "sha256:8c04c11192119b1ef78ea049e0a6f0463e4c48ef00a30160c704337586f3ad7a"},
]
"colorama 0.4.4" = [
    {file = "colorama-0.4.4-py2.py3-none-any.whl", hash = "sha256:9f47eda37229f68eee03b24b9748937c7dc3868f906e8ba69fbcbdd3bc5dc3e2"},
    {file = "colorama-0.4.4.tar.gz", hash = "sha256:5941b2b48a20143d2267e95b1c2a7603ce057ee39fd88e7329b0c292aa16869b"},
]
"cryptography 3.4.7" = [
    {file = "cryptography-3.4.7-cp36-abi3-macosx_10_10_x86_64.whl", hash = "sha256:3d8427734c781ea5f1b41d6589c293089704d4759e34597dce91014ac125aad1"},
    {file = "cryptography-3.4.7-cp36-abi3-macosx_11_0_arm64.whl", hash = "sha256:8e56e16617872b0957d1c9742a3f94b43533447fd78321514abbe7db216aa250"},
    {file = "cryptography-3.4.7-cp36-abi3-manylinux2010_x86_64.whl", hash = "sha256:37340614f8a5d2fb9aeea67fd159bfe4f5f4ed535b1090ce8ec428b2f15a11f2"},
    {file = "cryptography-3.4.7-cp36-abi3-manylinux2014_aarch64.whl", hash = "sha256:240f5c21aef0b73f40bb9f78d2caff73186700bf1bc6b94285699aff98cc16c6"},
    {file = "cryptography-3.4.7-cp36-abi3-manylinux2014_x86_64.whl", hash = "sha256:1e056c28420c072c5e3cb36e2b23ee55e260cb04eee08f702e0edfec3fb51959"},
    {file = "cryptography-3.4.7-cp36-abi3-win32.whl", hash = "sha256:0f1212a66329c80d68aeeb39b8a16d54ef57071bf22ff4e521657b27372e327d"},
    {file = "cryptography-3.4.7-cp36-abi3-win_amd64.whl", hash = "sha256:de4e5f7f68220d92b7637fc99847475b59154b7a1b3868fb7385337af54ac9ca"},
    {file = "cryptography-3.4.7-pp36-pypy36_pp73-manylinux2010_x86_64.whl", hash = "sha256:26965837447f9c82f1855e0bc8bc4fb910240b6e0d16a664bb722df3b5b06873"},
    {file = "cryptography-3.4.7-pp36-pypy36_pp73-manylinux2014_x86_64.whl", hash = "sha256:eb8cc2afe8b05acbd84a43905832ec78e7b3873fb124ca190f574dca7389a87d"},
    {file = "cryptography-3.4.7-pp37-pypy37_pp73-macosx_10_10_x86_64.whl", hash = "sha256:b01fd6f2737816cb1e08ed4807ae194404790eac7ad030b34f2ce72b332f5586"},
    {file = "cryptography-3.4.7-pp37-pypy37_pp73-manylinux2010_x86_64.whl", hash = "sha256:7ec5d3b029f5fa2b179325908b9cd93db28ab7b85bb6c1db56b10e0b54235177"},
    {file = "cryptography-3.4.7-pp37-pypy37_pp73-manylinux2014_x86_64.whl", hash = "sha256:ee77aa129f481be46f8d92a1a7db57269a2f23052d5f2433b4621bb457081cc9"},
    {file = "cryptography-3.4.7-pp37-pypy37_pp73-win_amd64.whl", hash = "sha256:bf40af59ca2465b24e54f671b2de2c59257ddc4f7e5706dbd6930e26823668d3"},
    {file = "cryptography-3.4.7.tar.gz", hash = "sha256:3d10de8116d25649631977cb37da6cbdd2d6fa0e0281d014a5b7d337255ca713"},
]
"devtools 0.6.1" = [
    {file = "devtools-0.6.1-py3-none-any.whl", hash = "sha256:7334183972a8d04e81d08b7f62126abca9b6f4de51d825c5fdcb9c88f252601a"},
    {file = "devtools-0.6.1.tar.gz", hash = "sha256:a054307594d35d28fae8df7629967363e851ae0ac7b2152640a8a401c39d42d7"},
]
"idna 3.2" = [
    {file = "idna-3.2-py3-none-any.whl", hash = "sha256:14475042e284991034cb48e06f6851428fb14c4dc953acd9be9a5e95c7b6dd7a"},
    {file = "idna-3.2.tar.gz", hash = "sha256:467fbad99067910785144ce333826c71fb0e63a425657295239737f7ecd125f3"},
]
"iniconfig 1.1.1" = [
    {file = "iniconfig-1.1.1-py2.py3-none-any.whl", hash = "sha256:011e24c64b7f47f6ebd835bb12a743f2fbe9a26d4cecaa7f53bc4f35ee9da8b3"},
    {file = "iniconfig-1.1.1.tar.gz", hash = "sha256:bc3af051d7d14b2ee5ef9969666def0cd1a000e121eaea580d4a313df4b37f32"},
]
"levenshtein 0.12.0" = [
    {file = "levenshtein-0.12.0-cp35-cp35m-macosx_10_14_x86_64.whl", hash = "sha256:3765ffa156f688fb4487b1a7e8e766d3e58f8ee1f13a5ddd5c7c2f38ca29ba9c"},
    {file = "levenshtein-0.12.0-cp35-cp35m-manylinux1_x86_64.whl", hash = "sha256:ad0749fce324e080a4d19406309c118b18be55d4599ee9a70663c9352e6b7a1e"},
    {file = "levenshtein-0.12.0-cp35-cp35m-win_amd64.whl", hash = "sha256:aff2d83198c276fb56ff2aa13b9f15012d8885137c23e6cf118ebef15d27e0bf"},
    {file = "levenshtein-0.12.0-cp36-cp36m-macosx_10_14_x86_64.whl", hash = "sha256:6c58d0e65720de449bd9c5232666faedb83782b2bad896b7412008b275185bcc"},
    {file = "levenshtein-0.12.0-cp36-cp36m-manylinux1_x86_64.whl", hash = "sha256:1ecb1e9047a5920710548107dbfba75b304d68e394010094a60301f07b3539a0"},
    {file = "levenshtein-0.12.0-cp36-cp36m-win_amd64.whl", hash = "sha256:968160e1f6d5be09dbfe3f74dd1e13cbf3540f2a046a7316c014f495a97ca89e"},
    {file = "levenshtein-0.12.0-cp37-cp37m-macosx_10_14_x86_64.whl", hash = "sha256:684f7365dc51b89a37ea7a868c95aa5f05bd80094da3322329552c7456d8894d"},
    {file = "levenshtein-0.12.0-cp37-cp37m-manylinux1_x86_64.whl", hash = "sha256:46a5a39dfd6e700674bf61095f309d780c417ffd62c041c8e3122d1bf4531010"},
    {file = "levenshtein-0.12.0-cp37-cp37m-win_amd64.whl", hash = "sha256:68b496d20995ca71ec35560026b9a96e93bd276d61a3e7c68ddf5fb93915102e"},
    {file = "levenshtein-0.12.0-cp38-cp38-macosx_10_14_x86_64.whl", hash = "sha256:db3a679d75c979862433f41ae4fbb3b48227a3d2320580f6fc76373dbc7cae2f"},
    {file = "levenshtein-0.12.0-cp38-cp38-manylinux1_x86_64.whl", hash = "sha256:548c9159dc863bb03020d6b5cc7198f94924ea6037faf1026789ec39e5bc6f2e"},
    {file = "levenshtein-0.12.0-cp38-cp38-win_amd64.whl", hash = "sha256:188e1d2f579ab88639aa06f8471a63457c18f9e056f09fd93d8f2337b118e6e5"},
    {file = "levenshtein-0.12.0-cp39-cp39-macosx_10_14_x86_64.whl", hash = "sha256:04211a798724067b4faf81b5392d765a78a972f60464b20b0a69a55f1f37b996"},
    {file = "levenshtein-0.12.0-cp39-cp39-manylinux1_x86_64.whl", hash = "sha256:1407b49f4cc47d2d952e5bc2df562178da2e38d618fa1b3e508bede50ff9dc32"},
    {file = "levenshtein-0.12.0-cp39-cp39-win_amd64.whl", hash = "sha256:a84dd0ffd48c2e9555766dc9603a2481105b640e5d98be8d019a9e104e8c5dc7"},
    {file = "levenshtein-0.12.0.tar.gz", hash = "sha256:d2e8ffe1e2e3e69dc2850ef1151dee61349018bf8d538b1c34dd6a8f594973f6"},
]
"multidict 4.7.6" = [
    {file = "multidict-4.7.6-cp35-cp35m-macosx_10_14_x86_64.whl", hash = "sha256:275ca32383bc5d1894b6975bb4ca6a7ff16ab76fa622967625baeebcf8079000"},
    {file = "multidict-4.7.6-cp35-cp35m-manylinux1_x86_64.whl", hash = "sha256:1ece5a3369835c20ed57adadc663400b5525904e53bae59ec854a5d36b39b21a"},
    {file = "multidict-4.7.6-cp35-cp35m-win32.whl", hash = "sha256:5141c13374e6b25fe6bf092052ab55c0c03d21bd66c94a0e3ae371d3e4d865a5"},
    {file = "multidict-4.7.6-cp35-cp35m-win_amd64.whl", hash = "sha256:9456e90649005ad40558f4cf51dbb842e32807df75146c6d940b6f5abb4a78f3"},
    {file = "multidict-4.7.6-cp36-cp36m-macosx_10_14_x86_64.whl", hash = "sha256:e0d072ae0f2a179c375f67e3da300b47e1a83293c554450b29c900e50afaae87"},
    {file = "multidict-4.7.6-cp36-cp36m-manylinux1_x86_64.whl", hash = "sha256:3750f2205b800aac4bb03b5ae48025a64e474d2c6cc79547988ba1d4122a09e2"},
    {file = "multidict-4.7.6-cp36-cp36m-win32.whl", hash = "sha256:f07acae137b71af3bb548bd8da720956a3bc9f9a0b87733e0899226a2317aeb7"},
    {file = "multidict-4.7.6-cp36-cp36m-win_amd64.whl", hash = "sha256:6513728873f4326999429a8b00fc7ceddb2509b01d5fd3f3be7881a257b8d463"},
    {file = "multidict-4.7.6-cp37-cp37m-macosx_10_14_x86_64.whl", hash = "sha256:feed85993dbdb1dbc29102f50bca65bdc68f2c0c8d352468c25b54874f23c39d"},
    {file = "multidict-4.7.6-cp37-cp37m-manylinux1_x86_64.whl", hash = "sha256:fcfbb44c59af3f8ea984de67ec7c306f618a3ec771c2843804069917a8f2e255"},
    {file = "multidict-4.7.6-cp37-cp37m-win32.whl", hash = "sha256:4538273208e7294b2659b1602490f4ed3ab1c8cf9dbdd817e0e9db8e64be2507"},
    {file = "multidict-4.7.6-cp37-cp37m-win_amd64.whl", hash = "sha256:d14842362ed4cf63751648e7672f7174c9818459d169231d03c56e84daf90b7c"},
    {file = "multidict-4.7.6-cp38-cp38-macosx_10_14_x86_64.whl", hash = "sha256:c026fe9a05130e44157b98fea3ab12969e5b60691a276150db9eda71710cd10b"},
    {file = "multidict-4.7.6-cp38-cp38-manylinux1_x86_64.whl", hash = "sha256:51a4d210404ac61d32dada00a50ea7ba412e6ea945bbe992e4d7a595276d2ec7"},
    {file = "multidict-4.7.6-cp38-cp38-win32.whl", hash = "sha256:5cf311a0f5ef80fe73e4f4c0f0998ec08f954a6ec72b746f3c179e37de1d210d"},
    {file = "multidict-4.7.6-cp38-cp38-win_amd64.whl", hash = "sha256:7388d2ef3c55a8ba80da62ecfafa06a1c097c18032a501ffd4cabbc52d7f2b19"},
    {file = "multidict-4.7.6.tar.gz", hash = "sha256:fbb77a75e529021e7c4a8d4e823d88ef4d23674a202be4f5addffc72cbb91430"},
]
"packaging 21.0" = [
    {file = "packaging-21.0-py3-none-any.whl", hash = "sha256:c86254f9220d55e31cc94d69bade760f0847da8000def4dfe1c6b872fd14ff14"},
    {file = "packaging-21.0.tar.gz", hash = "sha256:7dc96269f53a4ccec5c0670940a4281106dd0bb343f47b7471f779df49c2fbe7"},
]
"pluggy 0.13.1" = [
    {file = "pluggy-0.13.1-py2.py3-none-any.whl", hash = "sha256:966c145cd83c96502c3c3868f50408687b38434af77734af1e9ca461a4081d2d"},
    {file = "pluggy-0.13.1.tar.gz", hash = "sha256:15b2acde666561e1298d71b523007ed7364de07029219b604cf808bfa1c765b0"},
]
"py 1.10.0" = [
    {file = "py-1.10.0-py2.py3-none-any.whl", hash = "sha256:3b80836aa6d1feeaa108e046da6423ab8f6ceda6468545ae8d02d9d58d18818a"},
    {file = "py-1.10.0.tar.gz", hash = "sha256:21b81bda15b66ef5e1a777a21c4dcd9c20ad3efd0b3f817e7a809035269e1bd3"},
]
"pycparser 2.20" = [
    {file = "pycparser-2.20-py2.py3-none-any.whl", hash = "sha256:7582ad22678f0fcd81102833f60ef8d0e57288b6b5fb00323d101be910e35705"},
    {file = "pycparser-2.20.tar.gz", hash = "sha256:2d475327684562c3a96cc71adf7dc8c4f0565175cf86b6d7a404ff4c771f15f0"},
]
"pygments 2.9.0" = [
    {file = "Pygments-2.9.0-py3-none-any.whl", hash = "sha256:d66e804411278594d764fc69ec36ec13d9ae9147193a1740cd34d272ca383b8e"},
    {file = "Pygments-2.9.0.tar.gz", hash = "sha256:a18f47b506a429f6f4b9df81bb02beab9ca21d0a5fee38ed15aef65f0545519f"},
]
"pyparsing 2.4.7" = [
    {file = "pyparsing-2.4.7-py2.py3-none-any.whl", hash = "sha256:ef9d7589ef3c200abe66653d3f1ab1033c3c419ae9b9bdb1240a85b024efc88b"},
    {file = "pyparsing-2.4.7.tar.gz", hash = "sha256:c203ec8783bf771a155b207279b9bccb8dea02d8f0c9e5f8ead507bc3246ecc1"},
]
"pytest 6.2.4" = [
    {file = "pytest-6.2.4-py3-none-any.whl", hash = "sha256:91ef2131a9bd6be8f76f1f08eac5c5317221d6ad1e143ae03894b862e8976890"},
    {file = "pytest-6.2.4.tar.gz", hash = "sha256:50bcad0a0b9c5a72c8e4e7c9855a3ad496ca6a881a3641b4260605450772c54b"},
]
"pytest-asyncio 0.15.1" = [
    {file = "pytest_asyncio-0.15.1-py3-none-any.whl", hash = "sha256:3042bcdf1c5d978f6b74d96a151c4cfb9dcece65006198389ccd7e6c60eb1eea"},
    {file = "pytest-asyncio-0.15.1.tar.gz", hash = "sha256:2564ceb9612bbd560d19ca4b41347b54e7835c2f792c504f698e05395ed63f6f"},
]
"pytest-mock 3.6.1" = [
    {file = "pytest_mock-3.6.1-py3-none-any.whl", hash = "sha256:30c2f2cc9759e76eee674b81ea28c9f0b94f8f0445a1b87762cadf774f0df7e3"},
    {file = "pytest-mock-3.6.1.tar.gz", hash = "sha256:40217a058c52a63f1042f0784f62009e976ba824c418cced42e88d5f40ab0e62"},
]
"setuptools 57.4.0" = [
    {file = "setuptools-57.4.0-py3-none-any.whl", hash = "sha256:a49230977aa6cfb9d933614d2f7b79036e9945c4cdd7583163f4e920b83418d6"},
    {file = "setuptools-57.4.0.tar.gz", hash = "sha256:6bac238ffdf24e8806c61440e755192470352850f3419a52f26ffe0a1a64f465"},
]
"toml 0.10.2" = [
    {file = "toml-0.10.2-py2.py3-none-any.whl", hash = "sha256:806143ae5bfb6a3c6e736a764057db0e6a0e05e338b5630894a5f779cabb4f9b"},
    {file = "toml-0.10.2.tar.gz", hash = "sha256:b3bda1d108d5dd99f4a20d24d9c348e91c4db7ab1b749200bded2f839ccbe68f"},
]
"typing-extensions 3.10.0.0" = [
    {file = "typing_extensions-3.10.0.0-py2-none-any.whl", hash = "sha256:0ac0f89795dd19de6b97debb0c6af1c70987fd80a2d62d1958f7e56fcc31b497"},
    {file = "typing_extensions-3.10.0.0-py3-none-any.whl", hash = "sha256:779383f6086d90c99ae41cf0ff39aac8a7937a9283ce0a414e5dd782f4c94a84"},
    {file = "typing_extensions-3.10.0.0.tar.gz", hash = "sha256:50b6f157849174217d0656f99dc82fe932884fb250826c18350e159ec6cdf342"},
]
"watchgod 0.7" = [
    {file = "watchgod-0.7-py3-none-any.whl", hash = "sha256:d6c1ea21df37847ac0537ca0d6c2f4cdf513562e95f77bb93abbcf05573407b7"},
    {file = "watchgod-0.7.tar.gz", hash = "sha256:48140d62b0ebe9dd9cf8381337f06351e1f2e70b2203fa9c6eff4e572ca84f29"},
]
"yarl 1.6.3" = [
    {file = "yarl-1.6.3-cp36-cp36m-macosx_10_14_x86_64.whl", hash = "sha256:0355a701b3998dcd832d0dc47cc5dedf3874f966ac7f870e0f3a6788d802d434"},
    {file = "yarl-1.6.3-cp36-cp36m-manylinux1_i686.whl", hash = "sha256:bafb450deef6861815ed579c7a6113a879a6ef58aed4c3a4be54400ae8871478"},
    {file = "yarl-1.6.3-cp36-cp36m-manylinux2014_aarch64.whl", hash = "sha256:547f7665ad50fa8563150ed079f8e805e63dd85def6674c97efd78eed6c224a6"},
    {file = "yarl-1.6.3-cp36-cp36m-manylinux2014_i686.whl", hash = "sha256:63f90b20ca654b3ecc7a8d62c03ffa46999595f0167d6450fa8383bab252987e"},
    {file = "yarl-1.6.3-cp36-cp36m-manylinux2014_ppc64le.whl", hash = "sha256:97b5bdc450d63c3ba30a127d018b866ea94e65655efaf889ebeabc20f7d12406"},
    {file = "yarl-1.6.3-cp36-cp36m-manylinux2014_s390x.whl", hash = "sha256:d8d07d102f17b68966e2de0e07bfd6e139c7c02ef06d3a0f8d2f0f055e13bb76"},
    {file = "yarl-1.6.3-cp36-cp36m-manylinux2014_x86_64.whl", hash = "sha256:15263c3b0b47968c1d90daa89f21fcc889bb4b1aac5555580d74565de6836366"},
    {file = "yarl-1.6.3-cp36-cp36m-win32.whl", hash = "sha256:b5dfc9a40c198334f4f3f55880ecf910adebdcb2a0b9a9c23c9345faa9185721"},
    {file = "yarl-1.6.3-cp36-cp36m-win_amd64.whl", hash = "sha256:b2e9a456c121e26d13c29251f8267541bd75e6a1ccf9e859179701c36a078643"},
    {file = "yarl-1.6.3-cp37-cp37m-macosx_10_14_x86_64.whl", hash = "sha256:ce3beb46a72d9f2190f9e1027886bfc513702d748047b548b05dab7dfb584d2e"},
    {file = "yarl-1.6.3-cp37-cp37m-manylinux1_i686.whl", hash = "sha256:2ce4c621d21326a4a5500c25031e102af589edb50c09b321049e388b3934eec3"},
    {file = "yarl-1.6.3-cp37-cp37m-manylinux2014_aarch64.whl", hash = "sha256:d26608cf178efb8faa5ff0f2d2e77c208f471c5a3709e577a7b3fd0445703ac8"},
    {file = "yarl-1.6.3-cp37-cp37m-manylinux2014_i686.whl", hash = "sha256:4c5bcfc3ed226bf6419f7a33982fb4b8ec2e45785a0561eb99274ebbf09fdd6a"},
    {file = "yarl-1.6.3-cp37-cp37m-manylinux2014_ppc64le.whl", hash = "sha256:4736eaee5626db8d9cda9eb5282028cc834e2aeb194e0d8b50217d707e98bb5c"},
    {file = "yarl-1.6.3-cp37-cp37m-manylinux2014_s390x.whl", hash = "sha256:68dc568889b1c13f1e4745c96b931cc94fdd0defe92a72c2b8ce01091b22e35f"},
    {file = "yarl-1.6.3-cp37-cp37m-manylinux2014_x86_64.whl", hash = "sha256:7356644cbed76119d0b6bd32ffba704d30d747e0c217109d7979a7bc36c4d970"},
    {file = "yarl-1.6.3-cp37-cp37m-win32.whl", hash = "sha256:00d7ad91b6583602eb9c1d085a2cf281ada267e9a197e8b7cae487dadbfa293e"},
    {file = "yarl-1.6.3-cp37-cp37m-win_amd64.whl", hash = "sha256:69ee97c71fee1f63d04c945f56d5d726483c4762845400a6795a3b75d56b6c50"},
    {file = "yarl-1.6.3-cp38-cp38-macosx_10_14_x86_64.whl", hash = "sha256:e46fba844f4895b36f4c398c5af062a9808d1f26b2999c58909517384d5deda2"},
    {file = "yarl-1.6.3-cp38-cp38-manylinux1_i686.whl", hash = "sha256:31ede6e8c4329fb81c86706ba8f6bf661a924b53ba191b27aa5fcee5714d18ec"},
    {file = "yarl-1.6.3-cp38-cp38-manylinux2014_aarch64.whl", hash = "sha256:fcbb48a93e8699eae920f8d92f7160c03567b421bc17362a9ffbbd706a816f71"},
    {file = "yarl-1.6.3-cp38-cp38-manylinux2014_i686.whl", hash = "sha256:72a660bdd24497e3e84f5519e57a9ee9220b6f3ac4d45056961bf22838ce20cc"},
    {file = "yarl-1.6.3-cp38-cp38-manylinux2014_ppc64le.whl", hash = "sha256:324ba3d3c6fee56e2e0b0d09bf5c73824b9f08234339d2b788af65e60040c959"},
    {file = "yarl-1.6.3-cp38-cp38-manylinux2014_s390x.whl", hash = "sha256:e6b5460dc5ad42ad2b36cca524491dfcaffbfd9c8df50508bddc354e787b8dc2"},
    {file = "yarl-1.6.3-cp38-cp38-manylinux2014_x86_64.whl", hash = "sha256:6d6283d8e0631b617edf0fd726353cb76630b83a089a40933043894e7f6721e2"},
    {file = "yarl-1.6.3-cp38-cp38-win32.whl", hash = "sha256:9ede61b0854e267fd565e7527e2f2eb3ef8858b301319be0604177690e1a3896"},
    {file = "yarl-1.6.3-cp38-cp38-win_amd64.whl", hash = "sha256:f0b059678fd549c66b89bed03efcabb009075bd131c248ecdf087bdb6faba24a"},
    {file = "yarl-1.6.3-cp39-cp39-macosx_10_14_x86_64.whl", hash = "sha256:329412812ecfc94a57cd37c9d547579510a9e83c516bc069470db5f75684629e"},
    {file = "yarl-1.6.3-cp39-cp39-manylinux1_i686.whl", hash = "sha256:c49ff66d479d38ab863c50f7bb27dee97c6627c5fe60697de15529da9c3de724"},
    {file = "yarl-1.6.3-cp39-cp39-manylinux2014_aarch64.whl", hash = "sha256:f040bcc6725c821a4c0665f3aa96a4d0805a7aaf2caf266d256b8ed71b9f041c"},
    {file = "yarl-1.6.3-cp39-cp39-manylinux2014_i686.whl", hash = "sha256:d5c32c82990e4ac4d8150fd7652b972216b204de4e83a122546dce571c1bdf25"},
    {file = "yarl-1.6.3-cp39-cp39-manylinux2014_ppc64le.whl", hash = "sha256:d597767fcd2c3dc49d6eea360c458b65643d1e4dbed91361cf5e36e53c1f8c96"},
    {file = "yarl-1.6.3-cp39-cp39-manylinux2014_s390x.whl", hash = "sha256:8aa3decd5e0e852dc68335abf5478a518b41bf2ab2f330fe44916399efedfae0"},
    {file = "yarl-1.6.3-cp39-cp39-manylinux2014_x86_64.whl", hash = "sha256:73494d5b71099ae8cb8754f1df131c11d433b387efab7b51849e7e1e851f07a4"},
    {file = "yarl-1.6.3-cp39-cp39-win32.whl", hash = "sha256:5b883e458058f8d6099e4420f0cc2567989032b5f34b271c0827de9f1079a424"},
    {file = "yarl-1.6.3-cp39-cp39-win_amd64.whl", hash = "sha256:4953fb0b4fdb7e08b2f3b3be80a00d28c5c8a2056bb066169de00e6501b986b6"},
    {file = "yarl-1.6.3.tar.gz", hash = "sha256:8a9066529240171b68893d60dca86a763eae2139dd42f42106b03cf4b426bf10"},
]
